
Microsoft Visual Studio Solution File, Format Version 12.00
# Visual Studio Version 17
VisualStudioVersion = 17.8.34525.116
MinimumVisualStudioVersion = 10.0.40219.1
Project("{FAE04EC0-301F-11D3-BF4B-00C04F79EFBC}") = "JD Expense Tracker", "JD Expense Tracker\JD Expense Tracker.csproj", "{B3E55692-FF27-43C7-A0A4-75AE3868EDA3}"
EndProject
Global
	GlobalSection(SolutionConfigurationPlatforms) = preSolution
		Debug|Any CPU = Debug|Any CPU
		Release|Any CPU = Release|Any CPU
	EndGlobalSection
	GlobalSection(ProjectConfigurationPlatforms) = postSolution
		{B3E55692-FF27-43C7-A0A4-75AE3868EDA3}.Debug|Any CPU.ActiveCfg = Debug|Any CPU
		{B3E55692-FF27-43C7-A0A4-75AE3868EDA3}.Debug|Any CPU.Build.0 = Debug|Any CPU
		{B3E55692-FF27-43C7-A0A4-75AE3868EDA3}.Release|Any CPU.ActiveCfg = Release|Any CPU
		{B3E55692-FF27-43C7-A0A4-75AE3868EDA3}.Release|Any CPU.Build.0 = Release|Any CPU
	EndGlobalSection
	GlobalSection(SolutionProperties) = preSolution
		HideSolutionNode = FALSE
	EndGlobalSection
	GlobalSection(ExtensibilityGlobals) = postSolution
		SolutionGuid = {1924EBFE-E5D6-4B8A-8276-7C16ACC7A166}
	EndGlobalSection
EndGlobal
