
Microsoft Visual Studio Solution File, Format Version 12.00
# Visual Studio Version 17
VisualStudioVersion = 17.8.34525.116
MinimumVisualStudioVersion = 10.0.40219.1
Project("{9A19103F-16F7-4668-BE54-9A1E7A4F7556}") = "JD_Expense_Tracker", "JD_Expense_Tracker.csproj", "{1F4EC784-6D63-4EDE-824C-C9C6C33D9642}"
EndProject
Global
	GlobalSection(SolutionConfigurationPlatforms) = preSolution
		Debug|Any CPU = Debug|Any CPU
		Release|Any CPU = Release|Any CPU
	EndGlobalSection
	GlobalSection(ProjectConfigurationPlatforms) = postSolution
		{1F4EC784-6D63-4EDE-824C-C9C6C33D9642}.Debug|Any CPU.ActiveCfg = Debug|Any CPU
		{1F4EC784-6D63-4EDE-824C-C9C6C33D9642}.Debug|Any CPU.Build.0 = Debug|Any CPU
		{1F4EC784-6D63-4EDE-824C-C9C6C33D9642}.Release|Any CPU.ActiveCfg = Release|Any CPU
		{1F4EC784-6D63-4EDE-824C-C9C6C33D9642}.Release|Any CPU.Build.0 = Release|Any CPU
	EndGlobalSection
	GlobalSection(SolutionProperties) = preSolution
		HideSolutionNode = FALSE
	EndGlobalSection
	GlobalSection(ExtensibilityGlobals) = postSolution
		SolutionGuid = {F0736DAB-247A-441D-A9BB-0434D41FEB4D}
	EndGlobalSection
EndGlobal
